
Microsoft Visual Studio Solution File, Format Version 12.00
# Visual Studio Version 17
VisualStudioVersion = 17.12.35527.113
MinimumVisualStudioVersion = 10.0.40219.1
Project("{FAE04EC0-301F-11D3-BF4B-00C04F79EFBC}") = "Padlock", "Padlock\Padlock.csproj", "{81C48FF9-47FE-4DD9-9093-DC3155C06DC7}"
EndProject
Project("{FAE04EC0-301F-11D3-BF4B-00C04F79EFBC}") = "Test.Shared", "Test.Shared\Test.Shared.csproj", "{9984EB42-199F-4CE1-B51D-860D38ADC87A}"
EndProject
Project("{FAE04EC0-301F-11D3-BF4B-00C04F79EFBC}") = "Test.Automated", "Test.Automated\Test.Automated.csproj", "{0397D52D-3303-4CE8-A640-B4F750F1A01A}"
EndProject
Project("{FAE04EC0-301F-11D3-BF4B-00C04F79EFBC}") = "Test.Xunit", "Test.Xunit\Test.Xunit.csproj", "{9FE96D2D-9DDC-4C9C-BF5F-A05F64AF5A9B}"
EndProject
Project("{FAE04EC0-301F-11D3-BF4B-00C04F79EFBC}") = "Test.Nunit", "Test.Nunit\Test.Nunit.csproj", "{52D0A06A-9EA6-46F0-BFAB-B7FC8C7E0811}"
EndProject
Global
	GlobalSection(SolutionConfigurationPlatforms) = preSolution
		Debug|Any CPU = Debug|Any CPU
		Debug|x64 = Debug|x64
		Debug|x86 = Debug|x86
		Release|Any CPU = Release|Any CPU
		Release|x64 = Release|x64
		Release|x86 = Release|x86
	EndGlobalSection
	GlobalSection(ProjectConfigurationPlatforms) = postSolution
		{81C48FF9-47FE-4DD9-9093-DC3155C06DC7}.Debug|Any CPU.ActiveCfg = Debug|Any CPU
		{81C48FF9-47FE-4DD9-9093-DC3155C06DC7}.Debug|Any CPU.Build.0 = Debug|Any CPU
		{81C48FF9-47FE-4DD9-9093-DC3155C06DC7}.Debug|x64.ActiveCfg = Debug|Any CPU
		{81C48FF9-47FE-4DD9-9093-DC3155C06DC7}.Debug|x64.Build.0 = Debug|Any CPU
		{81C48FF9-47FE-4DD9-9093-DC3155C06DC7}.Debug|x86.ActiveCfg = Debug|Any CPU
		{81C48FF9-47FE-4DD9-9093-DC3155C06DC7}.Debug|x86.Build.0 = Debug|Any CPU
		{81C48FF9-47FE-4DD9-9093-DC3155C06DC7}.Release|Any CPU.ActiveCfg = Release|Any CPU
		{81C48FF9-47FE-4DD9-9093-DC3155C06DC7}.Release|Any CPU.Build.0 = Release|Any CPU
		{81C48FF9-47FE-4DD9-9093-DC3155C06DC7}.Release|x64.ActiveCfg = Release|Any CPU
		{81C48FF9-47FE-4DD9-9093-DC3155C06DC7}.Release|x64.Build.0 = Release|Any CPU
		{81C48FF9-47FE-4DD9-9093-DC3155C06DC7}.Release|x86.ActiveCfg = Release|Any CPU
		{81C48FF9-47FE-4DD9-9093-DC3155C06DC7}.Release|x86.Build.0 = Release|Any CPU
		{9984EB42-199F-4CE1-B51D-860D38ADC87A}.Debug|Any CPU.ActiveCfg = Debug|Any CPU
		{9984EB42-199F-4CE1-B51D-860D38ADC87A}.Debug|Any CPU.Build.0 = Debug|Any CPU
		{9984EB42-199F-4CE1-B51D-860D38ADC87A}.Debug|x64.ActiveCfg = Debug|Any CPU
		{9984EB42-199F-4CE1-B51D-860D38ADC87A}.Debug|x64.Build.0 = Debug|Any CPU
		{9984EB42-199F-4CE1-B51D-860D38ADC87A}.Debug|x86.ActiveCfg = Debug|Any CPU
		{9984EB42-199F-4CE1-B51D-860D38ADC87A}.Debug|x86.Build.0 = Debug|Any CPU
		{9984EB42-199F-4CE1-B51D-860D38ADC87A}.Release|Any CPU.ActiveCfg = Release|Any CPU
		{9984EB42-199F-4CE1-B51D-860D38ADC87A}.Release|Any CPU.Build.0 = Release|Any CPU
		{9984EB42-199F-4CE1-B51D-860D38ADC87A}.Release|x64.ActiveCfg = Release|Any CPU
		{9984EB42-199F-4CE1-B51D-860D38ADC87A}.Release|x64.Build.0 = Release|Any CPU
		{9984EB42-199F-4CE1-B51D-860D38ADC87A}.Release|x86.ActiveCfg = Release|Any CPU
		{9984EB42-199F-4CE1-B51D-860D38ADC87A}.Release|x86.Build.0 = Release|Any CPU
		{0397D52D-3303-4CE8-A640-B4F750F1A01A}.Debug|Any CPU.ActiveCfg = Debug|Any CPU
		{0397D52D-3303-4CE8-A640-B4F750F1A01A}.Debug|Any CPU.Build.0 = Debug|Any CPU
		{0397D52D-3303-4CE8-A640-B4F750F1A01A}.Debug|x64.ActiveCfg = Debug|Any CPU
		{0397D52D-3303-4CE8-A640-B4F750F1A01A}.Debug|x64.Build.0 = Debug|Any CPU
		{0397D52D-3303-4CE8-A640-B4F750F1A01A}.Debug|x86.ActiveCfg = Debug|Any CPU
		{0397D52D-3303-4CE8-A640-B4F750F1A01A}.Debug|x86.Build.0 = Debug|Any CPU
		{0397D52D-3303-4CE8-A640-B4F750F1A01A}.Release|Any CPU.ActiveCfg = Release|Any CPU
		{0397D52D-3303-4CE8-A640-B4F750F1A01A}.Release|Any CPU.Build.0 = Release|Any CPU
		{0397D52D-3303-4CE8-A640-B4F750F1A01A}.Release|x64.ActiveCfg = Release|Any CPU
		{0397D52D-3303-4CE8-A640-B4F750F1A01A}.Release|x64.Build.0 = Release|Any CPU
		{0397D52D-3303-4CE8-A640-B4F750F1A01A}.Release|x86.ActiveCfg = Release|Any CPU
		{0397D52D-3303-4CE8-A640-B4F750F1A01A}.Release|x86.Build.0 = Release|Any CPU
		{9FE96D2D-9DDC-4C9C-BF5F-A05F64AF5A9B}.Debug|Any CPU.ActiveCfg = Debug|Any CPU
		{9FE96D2D-9DDC-4C9C-BF5F-A05F64AF5A9B}.Debug|Any CPU.Build.0 = Debug|Any CPU
		{9FE96D2D-9DDC-4C9C-BF5F-A05F64AF5A9B}.Debug|x64.ActiveCfg = Debug|Any CPU
		{9FE96D2D-9DDC-4C9C-BF5F-A05F64AF5A9B}.Debug|x64.Build.0 = Debug|Any CPU
		{9FE96D2D-9DDC-4C9C-BF5F-A05F64AF5A9B}.Debug|x86.ActiveCfg = Debug|Any CPU
		{9FE96D2D-9DDC-4C9C-BF5F-A05F64AF5A9B}.Debug|x86.Build.0 = Debug|Any CPU
		{9FE96D2D-9DDC-4C9C-BF5F-A05F64AF5A9B}.Release|Any CPU.ActiveCfg = Release|Any CPU
		{9FE96D2D-9DDC-4C9C-BF5F-A05F64AF5A9B}.Release|Any CPU.Build.0 = Release|Any CPU
		{9FE96D2D-9DDC-4C9C-BF5F-A05F64AF5A9B}.Release|x64.ActiveCfg = Release|Any CPU
		{9FE96D2D-9DDC-4C9C-BF5F-A05F64AF5A9B}.Release|x64.Build.0 = Release|Any CPU
		{9FE96D2D-9DDC-4C9C-BF5F-A05F64AF5A9B}.Release|x86.ActiveCfg = Release|Any CPU
		{9FE96D2D-9DDC-4C9C-BF5F-A05F64AF5A9B}.Release|x86.Build.0 = Release|Any CPU
		{52D0A06A-9EA6-46F0-BFAB-B7FC8C7E0811}.Debug|Any CPU.ActiveCfg = Debug|Any CPU
		{52D0A06A-9EA6-46F0-BFAB-B7FC8C7E0811}.Debug|Any CPU.Build.0 = Debug|Any CPU
		{52D0A06A-9EA6-46F0-BFAB-B7FC8C7E0811}.Debug|x64.ActiveCfg = Debug|Any CPU
		{52D0A06A-9EA6-46F0-BFAB-B7FC8C7E0811}.Debug|x64.Build.0 = Debug|Any CPU
		{52D0A06A-9EA6-46F0-BFAB-B7FC8C7E0811}.Debug|x86.ActiveCfg = Debug|Any CPU
		{52D0A06A-9EA6-46F0-BFAB-B7FC8C7E0811}.Debug|x86.Build.0 = Debug|Any CPU
		{52D0A06A-9EA6-46F0-BFAB-B7FC8C7E0811}.Release|Any CPU.ActiveCfg = Release|Any CPU
		{52D0A06A-9EA6-46F0-BFAB-B7FC8C7E0811}.Release|Any CPU.Build.0 = Release|Any CPU
		{52D0A06A-9EA6-46F0-BFAB-B7FC8C7E0811}.Release|x64.ActiveCfg = Release|Any CPU
		{52D0A06A-9EA6-46F0-BFAB-B7FC8C7E0811}.Release|x64.Build.0 = Release|Any CPU
		{52D0A06A-9EA6-46F0-BFAB-B7FC8C7E0811}.Release|x86.ActiveCfg = Release|Any CPU
		{52D0A06A-9EA6-46F0-BFAB-B7FC8C7E0811}.Release|x86.Build.0 = Release|Any CPU
	EndGlobalSection
	GlobalSection(SolutionProperties) = preSolution
		HideSolutionNode = FALSE
	EndGlobalSection
EndGlobal
